{
  "name": "quacker",
  "version": "1.0.0",
  "description": "A duck-themed task management application",
  "main": "duckhtml.js",
  "scripts": {
    "start": "http-server -o",
    "test": "echo \"Error: no test specified\" && exit 1",
    "build": "echo \"No build step required for this project\""
  },
  "keywords": [
    "task-manager",
    "todo",
    "productivity",
    "react",
    "duck"
  ],
  "author": "",
  "license": "MIT",
  "dependencies": {
    "react": "^18.2.0",
    "react-dom": "^18.2.0"
  },
  "devDependencies": {
    "http-server": "^14.1.1"
  },
  "engines": {
    "node": ">=14.0.0"
  },
  "browserslist": {
    "production": [
      ">0.2%",
      "not dead",
      "not op_mini all"
    ],
    "development": [
      "last 1 chrome version",
      "last 1 firefox version",
      "last 1 safari version"
    ]
  }
}